
Microsoft Visual Studio Solution File, Format Version 12.00
# Visual Studio Version 17
VisualStudioVersion = 17.13.35818.85 d17.13
MinimumVisualStudioVersion = 10.0.40219.1
Project("{FAE04EC0-301F-11D3-BF4B-00C04F79EFBC}") = "SoldanoZoooo", "SoldanoZoooo\SoldanoZoooo.csproj", "{2847EAE1-4D12-41B8-9DEC-95D67BC82CBE}"
EndProject
Global
	GlobalSection(SolutionConfigurationPlatforms) = preSolution
		Debug|Any CPU = Debug|Any CPU
		Release|Any CPU = Release|Any CPU
	EndGlobalSection
	GlobalSection(ProjectConfigurationPlatforms) = postSolution
		{2847EAE1-4D12-41B8-9DEC-95D67BC82CBE}.Debug|Any CPU.ActiveCfg = Debug|Any CPU
		{2847EAE1-4D12-41B8-9DEC-95D67BC82CBE}.Debug|Any CPU.Build.0 = Debug|Any CPU
		{2847EAE1-4D12-41B8-9DEC-95D67BC82CBE}.Release|Any CPU.ActiveCfg = Release|Any CPU
		{2847EAE1-4D12-41B8-9DEC-95D67BC82CBE}.Release|Any CPU.Build.0 = Release|Any CPU
	EndGlobalSection
	GlobalSection(SolutionProperties) = preSolution
		HideSolutionNode = FALSE
	EndGlobalSection
	GlobalSection(ExtensibilityGlobals) = postSolution
		SolutionGuid = {794705B0-6A43-4FE3-AB86-38D16B7C59C3}
	EndGlobalSection
EndGlobal
